
Microsoft Visual Studio Solution File, Format Version 12.00
# Visual Studio Version 16
VisualStudioVersion = 16.0.30621.155
MinimumVisualStudioVersion = 10.0.40219.1
Project("{FAE04EC0-301F-11D3-BF4B-00C04F79EFBC}") = "Dominio", "Dominio\Dominio.csproj", "{79A90C01-7419-462B-B619-1896F593BA7F}"
EndProject
Project("{FAE04EC0-301F-11D3-BF4B-00C04F79EFBC}") = "Persistencia", "Persistencia\Persistencia.csproj", "{7509517F-5D83-4F9E-A27F-75B2777F1354}"
EndProject
Project("{FAE04EC0-301F-11D3-BF4B-00C04F79EFBC}") = "Aplicacion", "Aplicacion\Aplicacion.csproj", "{B1E18CA1-08A6-4156-9980-7ABA995583D2}"
EndProject
Project("{FAE04EC0-301F-11D3-BF4B-00C04F79EFBC}") = "WebApi", "WebApi\WebApi.csproj", "{54E7062A-46CB-4221-A9B3-D898B01B4705}"
EndProject
Global
	GlobalSection(SolutionConfigurationPlatforms) = preSolution
		Debug|Any CPU = Debug|Any CPU
		Release|Any CPU = Release|Any CPU
	EndGlobalSection
	GlobalSection(ProjectConfigurationPlatforms) = postSolution
		{79A90C01-7419-462B-B619-1896F593BA7F}.Debug|Any CPU.ActiveCfg = Debug|Any CPU
		{79A90C01-7419-462B-B619-1896F593BA7F}.Debug|Any CPU.Build.0 = Debug|Any CPU
		{79A90C01-7419-462B-B619-1896F593BA7F}.Release|Any CPU.ActiveCfg = Release|Any CPU
		{79A90C01-7419-462B-B619-1896F593BA7F}.Release|Any CPU.Build.0 = Release|Any CPU
		{7509517F-5D83-4F9E-A27F-75B2777F1354}.Debug|Any CPU.ActiveCfg = Debug|Any CPU
		{7509517F-5D83-4F9E-A27F-75B2777F1354}.Debug|Any CPU.Build.0 = Debug|Any CPU
		{7509517F-5D83-4F9E-A27F-75B2777F1354}.Release|Any CPU.ActiveCfg = Release|Any CPU
		{7509517F-5D83-4F9E-A27F-75B2777F1354}.Release|Any CPU.Build.0 = Release|Any CPU
		{B1E18CA1-08A6-4156-9980-7ABA995583D2}.Debug|Any CPU.ActiveCfg = Debug|Any CPU
		{B1E18CA1-08A6-4156-9980-7ABA995583D2}.Debug|Any CPU.Build.0 = Debug|Any CPU
		{B1E18CA1-08A6-4156-9980-7ABA995583D2}.Release|Any CPU.ActiveCfg = Release|Any CPU
		{B1E18CA1-08A6-4156-9980-7ABA995583D2}.Release|Any CPU.Build.0 = Release|Any CPU
		{54E7062A-46CB-4221-A9B3-D898B01B4705}.Debug|Any CPU.ActiveCfg = Debug|Any CPU
		{54E7062A-46CB-4221-A9B3-D898B01B4705}.Debug|Any CPU.Build.0 = Debug|Any CPU
		{54E7062A-46CB-4221-A9B3-D898B01B4705}.Release|Any CPU.ActiveCfg = Release|Any CPU
		{54E7062A-46CB-4221-A9B3-D898B01B4705}.Release|Any CPU.Build.0 = Release|Any CPU
	EndGlobalSection
	GlobalSection(SolutionProperties) = preSolution
		HideSolutionNode = FALSE
	EndGlobalSection
	GlobalSection(ExtensibilityGlobals) = postSolution
		SolutionGuid = {F55A8147-435B-4C22-BDBE-91F4DA3FA3C6}
	EndGlobalSection
EndGlobal
